<Project xmlns="http://schemas.microsoft.com/developer/msbuild/2003">
    <PropertyGroup>
        <ProjectGuid>{1B74E410-F124-410C-A7A4-684853F73000}</ProjectGuid>
        <ProjectVersion>17.2</ProjectVersion>
        <FrameworkType>VCL</FrameworkType>
        <MainSource>AppDinosOffice.dpr</MainSource>
        <Base>True</Base>
        <Config Condition="'$(Config)'==''">Debug</Config>
        <Platform Condition="'$(Platform)'==''">Win32</Platform>
        <TargetedPlatforms>1</TargetedPlatforms>
        <AppType>Console</AppType>
    </PropertyGroup>
    <PropertyGroup Condition="'$(Config)'=='Base' or '$(Base)'!=''">
        <Base>true</Base>
    </PropertyGroup>
    <PropertyGroup Condition="('$(Platform)'=='Android' and '$(Base)'=='true') or '$(Base_Android)'!=''">
        <Base_Android>true</Base_Android>
        <CfgParent>Base</CfgParent>
        <Base>true</Base>
    </PropertyGroup>
    <PropertyGroup Condition="('$(Platform)'=='iOSDevice32' and '$(Base)'=='true') or '$(Base_iOSDevice32)'!=''">
        <Base_iOSDevice32>true</Base_iOSDevice32>
        <CfgParent>Base</CfgParent>
        <Base>true</Base>
    </PropertyGroup>
    <PropertyGroup Condition="('$(Platform)'=='iOSDevice64' and '$(Base)'=='true') or '$(Base_iOSDevice64)'!=''">
        <Base_iOSDevice64>true</Base_iOSDevice64>
        <CfgParent>Base</CfgParent>
        <Base>true</Base>
    </PropertyGroup>
    <PropertyGroup Condition="('$(Platform)'=='iOSSimulator' and '$(Base)'=='true') or '$(Base_iOSSimulator)'!=''">
        <Base_iOSSimulator>true</Base_iOSSimulator>
        <CfgParent>Base</CfgParent>
        <Base>true</Base>
    </PropertyGroup>
    <PropertyGroup Condition="('$(Platform)'=='OSX32' and '$(Base)'=='true') or '$(Base_OSX32)'!=''">
        <Base_OSX32>true</Base_OSX32>
        <CfgParent>Base</CfgParent>
        <Base>true</Base>
    </PropertyGroup>
    <PropertyGroup Condition="('$(Platform)'=='Win32' and '$(Base)'=='true') or '$(Base_Win32)'!=''">
        <Base_Win32>true</Base_Win32>
        <CfgParent>Base</CfgParent>
        <Base>true</Base>
    </PropertyGroup>
    <PropertyGroup Condition="('$(Platform)'=='Win64' and '$(Base)'=='true') or '$(Base_Win64)'!=''">
        <Base_Win64>true</Base_Win64>
        <CfgParent>Base</CfgParent>
        <Base>true</Base>
    </PropertyGroup>
    <PropertyGroup Condition="'$(Config)'=='Debug' or '$(Cfg_1)'!=''">
        <Cfg_1>true</Cfg_1>
        <CfgParent>Base</CfgParent>
        <Base>true</Base>
    </PropertyGroup>
    <PropertyGroup Condition="('$(Platform)'=='Win32' and '$(Cfg_1)'=='true') or '$(Cfg_1_Win32)'!=''">
        <Cfg_1_Win32>true</Cfg_1_Win32>
        <CfgParent>Cfg_1</CfgParent>
        <Cfg_1>true</Cfg_1>
        <Base>true</Base>
    </PropertyGroup>
    <PropertyGroup Condition="'$(Config)'=='Release' or '$(Cfg_2)'!=''">
        <Cfg_2>true</Cfg_2>
        <CfgParent>Base</CfgParent>
        <Base>true</Base>
    </PropertyGroup>
    <PropertyGroup Condition="'$(Base)'!=''">
        <Icon_MainIcon>$(BDS)\bin\delphi_PROJECTICON.ico</Icon_MainIcon>
        <Icns_MainIcns>$(BDS)\bin\delphi_PROJECTICNS.icns</Icns_MainIcns>
        <SanitizedProjectName>AppDinosOffice</SanitizedProjectName>
        <DCC_Namespace>System;Xml;Data;Datasnap;Web;Soap;Vcl;Vcl.Imaging;Vcl.Touch;Vcl.Samples;Vcl.Shell;$(DCC_Namespace)</DCC_Namespace>
        <DCC_DcuOutput>.\$(Platform)\$(Config)</DCC_DcuOutput>
        <DCC_ExeOutput>.\$(Platform)\$(Config)</DCC_ExeOutput>
        <DCC_E>false</DCC_E>
        <DCC_N>false</DCC_N>
        <DCC_S>false</DCC_S>
        <DCC_F>false</DCC_F>
        <DCC_K>false</DCC_K>
    </PropertyGroup>
    <PropertyGroup Condition="'$(Base_Android)'!=''">
        <EnabledSysJars>android-support-v4.dex.jar;apk-expansion.dex.jar;cloud-messaging.dex.jar;fmx.dex.jar;google-analytics-v2.dex.jar;google-play-billing.dex.jar;google-play-licensing.dex.jar;google-play-services.dex.jar</EnabledSysJars>
        <DCC_UsePackage>DBXInterBaseDriver;DataSnapCommon;DbxCommonDriver;dbxcds;CustomIPTransport;dsnap;IndyIPServer;IndyCore;CloudService;FmxTeeUI;FireDACIBDriver;dsnapxml;bindcompfmx;RESTBackendComponents;dbrtl;FireDACCommon;bindcomp;ibmonitor;xmlrtl;ibxpress;FireDACCommonDriver;soaprtl;bindengine;FMXTee;inet;soapmidas;RESTComponents;dbexpress;IndyIPClient;FireDACSqliteDriver;FireDACDSDriver;DBXSqliteDriver;fmx;IndySystem;tethering;DataSnapClient;DataSnapProviderClient;fmxFireDAC;IndyIPCommon;DataSnapFireDAC;FireDACDBXDriver;soapserver;emsclientfiredac;rtl;DbxClientDriver;DataSnapNativeClient;IndyProtocols;bindcompdbx;emsclient;FireDAC;$(DCC_UsePackage)</DCC_UsePackage>
    </PropertyGroup>
    <PropertyGroup Condition="'$(Base_iOSDevice32)'!=''">
        <DCC_UsePackage>DBXInterBaseDriver;DataSnapCommon;DbxCommonDriver;dbxcds;CustomIPTransport;dsnap;IndyIPServer;IndyCore;CloudService;FmxTeeUI;FireDACIBDriver;dsnapxml;bindcompfmx;RESTBackendComponents;dbrtl;FireDACCommon;bindcomp;ibmonitor;xmlrtl;ibxpress;FireDACCommonDriver;soaprtl;bindengine;FMXTee;inet;soapmidas;RESTComponents;dbexpress;IndyIPClient;FireDACSqliteDriver;FireDACDSDriver;DBXSqliteDriver;fmx;IndySystem;tethering;DataSnapClient;DataSnapProviderClient;fmxFireDAC;fmxase;IndyIPCommon;DataSnapFireDAC;FireDACDBXDriver;soapserver;emsclientfiredac;rtl;DbxClientDriver;DataSnapNativeClient;IndyProtocols;bindcompdbx;emsclient;FireDAC;$(DCC_UsePackage)</DCC_UsePackage>
    </PropertyGroup>
    <PropertyGroup Condition="'$(Base_iOSDevice64)'!=''">
        <DCC_UsePackage>DBXInterBaseDriver;DataSnapCommon;DbxCommonDriver;dbxcds;CustomIPTransport;dsnap;IndyIPServer;IndyCore;CloudService;FmxTeeUI;FireDACIBDriver;dsnapxml;bindcompfmx;RESTBackendComponents;dbrtl;FireDACCommon;bindcomp;ibmonitor;xmlrtl;ibxpress;FireDACCommonDriver;soaprtl;bindengine;FMXTee;inet;soapmidas;RESTComponents;dbexpress;IndyIPClient;FireDACSqliteDriver;FireDACDSDriver;DBXSqliteDriver;fmx;IndySystem;tethering;DataSnapClient;DataSnapProviderClient;fmxFireDAC;fmxase;IndyIPCommon;DataSnapFireDAC;FireDACDBXDriver;soapserver;emsclientfiredac;rtl;DbxClientDriver;DataSnapNativeClient;IndyProtocols;bindcompdbx;emsclient;FireDAC;$(DCC_UsePackage)</DCC_UsePackage>
    </PropertyGroup>
    <PropertyGroup Condition="'$(Base_iOSSimulator)'!=''">
        <DCC_UsePackage>DBXInterBaseDriver;DataSnapCommon;DbxCommonDriver;dbxcds;CustomIPTransport;dsnap;IndyIPServer;IndyCore;CloudService;FmxTeeUI;FireDACIBDriver;dsnapxml;bindcompfmx;RESTBackendComponents;dbrtl;FireDACCommon;bindcomp;ibmonitor;xmlrtl;ibxpress;FireDACCommonDriver;soaprtl;bindengine;FMXTee;inet;soapmidas;RESTComponents;dbexpress;IndyIPClient;FireDACSqliteDriver;FireDACDSDriver;DBXSqliteDriver;fmx;IndySystem;tethering;DataSnapClient;DataSnapProviderClient;fmxFireDAC;fmxase;IndyIPCommon;DataSnapFireDAC;FireDACDBXDriver;soapserver;emsclientfiredac;rtl;DbxClientDriver;DataSnapNativeClient;IndyProtocols;bindcompdbx;emsclient;FireDAC;$(DCC_UsePackage)</DCC_UsePackage>
    </PropertyGroup>
    <PropertyGroup Condition="'$(Base_OSX32)'!=''">
        <DCC_UsePackage>FireDACPgDriver;DBXInterBaseDriver;DataSnapServer;DataSnapCommon;DbxCommonDriver;dbxcds;CustomIPTransport;dsnap;IndyIPServer;IndyCore;CloudService;FmxTeeUI;FireDACIBDriver;dsnapxml;bindcompfmx;FireDACODBCDriver;RESTBackendComponents;dbrtl;FireDACCommon;bindcomp;inetdb;ibmonitor;xmlrtl;ibxpress;FireDACCommonDriver;soaprtl;bindengine;FMXTee;FireDACMSSQLDriver;DBXInformixDriver;DataSnapServerMidas;DBXFirebirdDriver;inet;FireDACMySQLDriver;soapmidas;DBXSybaseASADriver;RESTComponents;dbexpress;IndyIPClient;FireDACTDataDriver;FireDACSqliteDriver;FireDACDSDriver;DBXSqliteDriver;fmx;IndySystem;tethering;DataSnapClient;DataSnapProviderClient;fmxFireDAC;DBXOracleDriver;fmxase;IndyIPCommon;DataSnapFireDAC;FireDACDBXDriver;soapserver;inetdbxpress;FireDACASADriver;emsclientfiredac;rtl;DbxClientDriver;DataSnapNativeClient;IndyProtocols;DBXMySQLDriver;bindcompdbx;emsclient;FireDAC;fmxobj;FireDACOracleDriver;fmxdae;DataSnapIndy10ServerTransport;$(DCC_UsePackage)</DCC_UsePackage>
    </PropertyGroup>
    <PropertyGroup Condition="'$(Base_Win32)'!=''">
        <VerInfo_Locale>1033</VerInfo_Locale>
        <DCC_Namespace>Winapi;System.Win;Data.Win;Datasnap.Win;Web.Win;Soap.Win;Xml.Win;Bde;$(DCC_Namespace)</DCC_Namespace>
        <VerInfo_Keys>CompanyName=;FileDescription=;FileVersion=1.0.0.0;InternalName=;LegalCopyright=;LegalTrademarks=;OriginalFilename=;ProductName=;ProductVersion=1.0.0.0;Comments=</VerInfo_Keys>
        <DCC_UsePackage>dxBarRS22;JvGlobus;JvMM;JvManagedThreads;dxSkinsdxRibbonPainterRS22;dxSkinOffice2010BlackRS22;FortesReportCE_Win32_DXE8_vcl;dxRibbonCustomizationFormRS22;FireDACPgDriver;dxGaugeControlRS22;dxPScxVGridLnkRS22;JvCrypt;CNPComponentes;DBXInterBaseDriver;DataSnapServer;DataSnapCommon;dxWizardControlRS22;JvNet;JvDotNetCtrls;DbxCommonDriver;vclimg;dbxcds;dxServerModeRS22;DatasnapConnectorsFreePascal;appanalytics;JvXPCtrls;vcldb;dxSkinDarkRoomRS22;dxSkinSilverRS22;dxGDIPlusRS22;CustomIPTransport;dxSkinOffice2010SilverRS22;dsnap;IndyIPServer;IndyCore;dxSkinSummer2008RS22;CloudService;dxSkinLondonLiquidSkyRS22;FmxTeeUI;FireDACIBDriver;JvDB;JvRuntimeDesign;dxPScxPivotGridLnkRS22;dxComnRS22;cxPivotGridChartRS22;dsnapxml;dxPScxPCProdRS22;dxSpellCheckerRS22;FireDACDb2Driver;dxPScxGridLnkRS22;JclDeveloperTools;dxSkinVS2010RS22;dxorgcRS22;dxBarExtItemsRS22;dxRibbonRS22;dxSkinVisualStudio2013DarkRS22;dxSkinsdxBarPainterRS22;dxPSdxGaugeControlLnkRS22;dxCoreRS22;cxVerticalGridRS22;frx22;bindcompfmx;dxSkinStardustRS22;dxSkinSevenClassicRS22;dxSkinsCoreRS22;dxSpreadSheetRS22;FireDACODBCDriver;RESTBackendComponents;cxSchedulerRS22;dbrtl;dxSkinDevExpressStyleRS22;FireDACCommon;bindcomp;inetdb;cxExportRS22;dxPSDBTeeChartRS22;dxSkinOffice2007BlackRS22;dxSkinXmas2008BlueRS22;dxSkinCoffeeRS22;JvPluginSystem;DBXOdbcDriver;dxSkinscxSchedulerPainterRS22;ibmonitor;vclFireDAC;JvCmp;JvTimeFramework;xmlrtl;ibxpress;dxSkinOffice2013WhiteRS22;dxPSdxDBOCLnkRS22;cxDataRS22;FireDACCommonDriver;cxBarEditItemRS22;soaprtl;bindengine;vclactnband;FMXTee;dxSkinVisualStudio2013LightRS22;bindcompvcl;dxBarExtDBItemsRS22;dxSkinOffice2010BlueRS22;Jcl;vclie;dxPSdxDBTVLnkRS22;cxPageControlRS22;dxPsPrVwAdvRS22;FireDACMSSQLDriver;DBXInformixDriver;dxSkinFoggyRS22;Intraweb;dxSkinPumpkinRS22;cxEditorsRS22;dxPScxExtCommonRS22;DataSnapServerMidas;dxSkinVisualStudio2013BlueRS22;dsnapcon;DBXFirebirdDriver;dxPSPrVwRibbonRS22;inet;dxMapControlRS22;dxSkinSharpRS22;dxmdsRS22;JvPascalInterpreter;FireDACMySQLDriver;soapmidas;vclx;dxSkinOffice2007GreenRS22;dxSkinMetropolisDarkRS22;DBXSybaseASADriver;dxDockingRS22;RESTComponents;dxTabbedMDIRS22;dxdborRS22;dxSkinMoneyTwinsRS22;dbexpress;dxPScxTLLnkRS22;DbxDevartSQLServerDriver220;IndyIPClient;OpenOfficeComponent_install;dxSkinSpringTimeRS22;FireDACTDataDriver;FireDACSqliteDriver;FireDACDSDriver;frxTee22;DBXSqliteDriver;dxSkinHighContrastRS22;dxSkinOffice2007SilverRS22;fmx;dxSkinOffice2007PinkRS22;dxLayoutControlRS22;IndySystem;dxPSdxFCLnkRS22;TeeDB;tethering;cxSchedulerGridRS22;dxSkinMcSkinRS22;JvDlgs;vclib;DataSnapClient;dxSkinsdxNavBarPainterRS22;dxNavBarRS22;DataSnapProviderClient;DBXSybaseASEDriver;frxe22;dxSkinGlassOceansRS22;dxSkinBlueprintRS22;dxSkinLilianRS22;dxSkinBlueRS22;vcldsnap;dxBarDBNavRS22;dxSkiniMaginaryRS22;dxPSCoreRS22;dxSkinLiquidSkyRS22;fmxFireDAC;DBXDb2Driver;dxSkinOffice2007BlueRS22;dxSkinCaramelRS22;DBXOracleDriver;cxGridRS22;JvCore;vclribbon;inetwinsockets;fmxase;vcl;DBXMSSQLDriver;IndyIPCommon;CodeSiteExpressPkg;dxThemeRS22;DataSnapFireDAC;FireDACDBXDriver;cxPivotGridRS22;dxtrmdRS22;soapserver;dxSkinscxPCPainterRS22;dxPScxSchedulerLnkRS22;JvAppFrm;inetdbxpress;FireDACInfxDriver;dxFireDACServerModeRS22;adortl;cxLibraryRS22;dxPSdxSpreadSheetLnkRS22;JvDocking;JvWizards;dxPSdxLCLnkRS22;FireDACASADriver;dxSkinOffice2013DarkGrayRS22;JvHMI;dxPScxCommonRS22;JvBands;emsclientfiredac;rtl;DbxClientDriver;dxSkinOffice2013LightGrayRS22;Tee;dxFlowChartRS22;dxDBXServerModeRS22;dxPSLnksRS22;dxRichEditControlRS22;dxSkinSharpPlusRS22;JclContainers;dxSkinDarkSideRS22;JvSystem;DataSnapNativeClient;svnui;cxTreeListdxBarPopupMenuRS22;dxSkinsdxDLPainterRS22;dxSkinDevExpressDarkStyleRS22;dxSkinMetropolisRS22;IndyProtocols;DBXMySQLDriver;dxSkinValentineRS22;dxPSdxOCLnkRS22;JvControls;bindcompdbx;TeeUI;JvJans;JvPrintPreview;JvPageComps;JvStdCtrls;JvCustom;cxTreeListRS22;dxSkinTheAsphaltWorldRS22;frxDB22;FireDACADSDriver;vcltouch;dxADOServerModeRS22;emsclient;dxdbtrRS22;VclSmp;FireDAC;VCLRESTComponents;cxSchedulerRibbonStyleEventEditorRS22;dxTileControlRS22;dxSkinSevenRS22;DataSnapConnectors;dxSkinBlackRS22;fmxobj;JclVcl;dxSkinWhiteprintRS22;dxPSTeeChartRS22;cxPivotGridOLAPRS22;svn;DbxDevartOracleDriver220;cxSchedulerTreeBrowserRS22;FireDACOracleDriver;fmxdae;FireDACMSAccDriver;DataSnapIndy10ServerTransport;$(DCC_UsePackage)</DCC_UsePackage>
    </PropertyGroup>
    <PropertyGroup Condition="'$(Base_Win64)'!=''">
        <DCC_UsePackage>dxBarRS22;dxSkinsdxRibbonPainterRS22;dxSkinOffice2010BlackRS22;dxRibbonCustomizationFormRS22;FireDACPgDriver;dxGaugeControlRS22;dxPScxVGridLnkRS22;DBXInterBaseDriver;DataSnapServer;DataSnapCommon;dxWizardControlRS22;DbxCommonDriver;vclimg;dbxcds;dxServerModeRS22;DatasnapConnectorsFreePascal;appanalytics;vcldb;dxSkinDarkRoomRS22;dxSkinSilverRS22;dxGDIPlusRS22;CustomIPTransport;dxSkinOffice2010SilverRS22;dsnap;IndyIPServer;IndyCore;dxSkinSummer2008RS22;CloudService;dxSkinLondonLiquidSkyRS22;FmxTeeUI;FireDACIBDriver;dxPScxPivotGridLnkRS22;dxComnRS22;cxPivotGridChartRS22;dsnapxml;dxPScxPCProdRS22;dxSpellCheckerRS22;FireDACDb2Driver;dxPScxGridLnkRS22;dxSkinVS2010RS22;dxorgcRS22;dxBarExtItemsRS22;dxRibbonRS22;dxSkinVisualStudio2013DarkRS22;dxSkinsdxBarPainterRS22;dxPSdxGaugeControlLnkRS22;dxCoreRS22;cxVerticalGridRS22;bindcompfmx;dxSkinStardustRS22;dxSkinSevenClassicRS22;dxSkinsCoreRS22;dxSpreadSheetRS22;FireDACODBCDriver;RESTBackendComponents;cxSchedulerRS22;dbrtl;dxSkinDevExpressStyleRS22;FireDACCommon;bindcomp;inetdb;cxExportRS22;dxPSDBTeeChartRS22;dxSkinOffice2007BlackRS22;dxSkinXmas2008BlueRS22;dxSkinCoffeeRS22;DBXOdbcDriver;dxSkinscxSchedulerPainterRS22;ibmonitor;vclFireDAC;xmlrtl;ibxpress;dxSkinOffice2013WhiteRS22;dxPSdxDBOCLnkRS22;cxDataRS22;FireDACCommonDriver;cxBarEditItemRS22;soaprtl;bindengine;vclactnband;FMXTee;dxSkinVisualStudio2013LightRS22;bindcompvcl;dxBarExtDBItemsRS22;dxSkinOffice2010BlueRS22;vclie;dxPSdxDBTVLnkRS22;cxPageControlRS22;dxPsPrVwAdvRS22;FireDACMSSQLDriver;DBXInformixDriver;dxSkinFoggyRS22;Intraweb;dxSkinPumpkinRS22;cxEditorsRS22;dxPScxExtCommonRS22;DataSnapServerMidas;dxSkinVisualStudio2013BlueRS22;dsnapcon;DBXFirebirdDriver;dxPSPrVwRibbonRS22;inet;dxMapControlRS22;dxSkinSharpRS22;dxmdsRS22;FireDACMySQLDriver;soapmidas;vclx;dxSkinOffice2007GreenRS22;dxSkinMetropolisDarkRS22;DBXSybaseASADriver;dxDockingRS22;RESTComponents;dxTabbedMDIRS22;dxdborRS22;dxSkinMoneyTwinsRS22;dbexpress;dxPScxTLLnkRS22;IndyIPClient;dxSkinSpringTimeRS22;FireDACTDataDriver;FireDACSqliteDriver;FireDACDSDriver;DBXSqliteDriver;dxSkinHighContrastRS22;dxSkinOffice2007SilverRS22;fmx;dxSkinOffice2007PinkRS22;dxLayoutControlRS22;IndySystem;dxPSdxFCLnkRS22;TeeDB;tethering;cxSchedulerGridRS22;dxSkinMcSkinRS22;vclib;DataSnapClient;dxSkinsdxNavBarPainterRS22;dxNavBarRS22;DataSnapProviderClient;DBXSybaseASEDriver;dxSkinGlassOceansRS22;dxSkinBlueprintRS22;dxSkinLilianRS22;dxSkinBlueRS22;vcldsnap;dxBarDBNavRS22;dxSkiniMaginaryRS22;dxPSCoreRS22;dxSkinLiquidSkyRS22;fmxFireDAC;DBXDb2Driver;dxSkinOffice2007BlueRS22;dxSkinCaramelRS22;DBXOracleDriver;cxGridRS22;vclribbon;fmxase;vcl;DBXMSSQLDriver;IndyIPCommon;dxThemeRS22;DataSnapFireDAC;FireDACDBXDriver;cxPivotGridRS22;dxtrmdRS22;soapserver;dxSkinscxPCPainterRS22;dxPScxSchedulerLnkRS22;inetdbxpress;FireDACInfxDriver;dxFireDACServerModeRS22;adortl;cxLibraryRS22;dxPSdxSpreadSheetLnkRS22;dxPSdxLCLnkRS22;FireDACASADriver;dxSkinOffice2013DarkGrayRS22;dxPScxCommonRS22;emsclientfiredac;rtl;DbxClientDriver;dxSkinOffice2013LightGrayRS22;Tee;dxFlowChartRS22;dxDBXServerModeRS22;dxPSLnksRS22;dxRichEditControlRS22;dxSkinSharpPlusRS22;dxSkinDarkSideRS22;DataSnapNativeClient;cxTreeListdxBarPopupMenuRS22;dxSkinsdxDLPainterRS22;dxSkinDevExpressDarkStyleRS22;dxSkinMetropolisRS22;IndyProtocols;DBXMySQLDriver;dxSkinValentineRS22;dxPSdxOCLnkRS22;bindcompdbx;TeeUI;cxTreeListRS22;dxSkinTheAsphaltWorldRS22;FireDACADSDriver;vcltouch;dxADOServerModeRS22;emsclient;dxdbtrRS22;VclSmp;FireDAC;VCLRESTComponents;cxSchedulerRibbonStyleEventEditorRS22;dxTileControlRS22;dxSkinSevenRS22;DataSnapConnectors;dxSkinBlackRS22;fmxobj;dxSkinWhiteprintRS22;dxPSTeeChartRS22;cxPivotGridOLAPRS22;cxSchedulerTreeBrowserRS22;FireDACOracleDriver;fmxdae;FireDACMSAccDriver;DataSnapIndy10ServerTransport;$(DCC_UsePackage)</DCC_UsePackage>
    </PropertyGroup>
    <PropertyGroup Condition="'$(Cfg_1)'!=''">
        <DCC_Define>DEBUG;$(DCC_Define)</DCC_Define>
        <DCC_DebugDCUs>true</DCC_DebugDCUs>
        <DCC_Optimize>false</DCC_Optimize>
        <DCC_GenerateStackFrames>true</DCC_GenerateStackFrames>
        <DCC_DebugInfoInExe>true</DCC_DebugInfoInExe>
        <DCC_RemoteDebug>true</DCC_RemoteDebug>
    </PropertyGroup>
    <PropertyGroup Condition="'$(Cfg_1_Win32)'!=''">
        <DCC_RemoteDebug>false</DCC_RemoteDebug>
    </PropertyGroup>
    <PropertyGroup Condition="'$(Cfg_2)'!=''">
        <DCC_LocalDebugSymbols>false</DCC_LocalDebugSymbols>
        <DCC_Define>RELEASE;$(DCC_Define)</DCC_Define>
        <DCC_SymbolReferenceInfo>0</DCC_SymbolReferenceInfo>
        <DCC_DebugInformation>0</DCC_DebugInformation>
    </PropertyGroup>
    <ItemGroup>
        <DelphiCompile Include="$(MainSource)">
            <MainSource>MainSource</MainSource>
        </DelphiCompile>
        <DCCReference Include="ServerController.pas"/>
        <DCCReference Include="Unit1.pas"/>
        <DCCReference Include="UserSessionUnit.pas"/>
        <BuildConfiguration Include="Release">
            <Key>Cfg_2</Key>
            <CfgParent>Base</CfgParent>
        </BuildConfiguration>
        <BuildConfiguration Include="Base">
            <Key>Base</Key>
        </BuildConfiguration>
        <BuildConfiguration Include="Debug">
            <Key>Cfg_1</Key>
            <CfgParent>Base</CfgParent>
        </BuildConfiguration>
    </ItemGroup>
    <ProjectExtensions>
        <Borland.Personality>Delphi.Personality.12</Borland.Personality>
        <Borland.ProjectType>Application</Borland.ProjectType>
        <BorlandProject>
            <Delphi.Personality>
                <Source>
                    <Source Name="MainSource">AppDinosOffice.dpr</Source>
                </Source>
            </Delphi.Personality>
            <Deployment Version="2">
                <DeployFile LocalName="Win32\Debug\AppDinosOffice.exe" Configuration="Debug" Class="ProjectOutput">
                    <Platform Name="Win32">
                        <RemoteName>AppDinosOffice.exe</RemoteName>
                        <Overwrite>true</Overwrite>
                    </Platform>
                </DeployFile>
                <DeployClass Required="true" Name="DependencyPackage">
                    <Platform Name="iOSDevice64">
                        <Operation>1</Operation>
                        <Extensions>.dylib</Extensions>
                    </Platform>
                    <Platform Name="Win32">
                        <Operation>0</Operation>
                        <Extensions>.bpl</Extensions>
                    </Platform>
                    <Platform Name="OSX32">
                        <RemoteDir>Contents\MacOS</RemoteDir>
                        <Operation>1</Operation>
                        <Extensions>.dylib</Extensions>
                    </Platform>
                    <Platform Name="iOSSimulator">
                        <Operation>1</Operation>
                        <Extensions>.dylib</Extensions>
                    </Platform>
                    <Platform Name="iOSDevice32">
                        <Operation>1</Operation>
                        <Extensions>.dylib</Extensions>
                    </Platform>
                </DeployClass>
                <DeployClass Name="DependencyModule">
                    <Platform Name="iOSDevice64">
                        <Operation>1</Operation>
                        <Extensions>.dylib</Extensions>
                    </Platform>
                    <Platform Name="Win32">
                        <Operation>0</Operation>
                        <Extensions>.dll;.bpl</Extensions>
                    </Platform>
                    <Platform Name="OSX32">
                        <RemoteDir>Contents\MacOS</RemoteDir>
                        <Operation>1</Operation>
                        <Extensions>.dylib</Extensions>
                    </Platform>
                    <Platform Name="iOSSimulator">
                        <Operation>1</Operation>
                        <Extensions>.dylib</Extensions>
                    </Platform>
                    <Platform Name="iOSDevice32">
                        <Operation>1</Operation>
                        <Extensions>.dylib</Extensions>
                    </Platform>
                </DeployClass>
                <DeployClass Name="iPad_Launch2048">
                    <Platform Name="iOSDevice64">
                        <Operation>1</Operation>
                    </Platform>
                    <Platform Name="iOSSimulator">
                        <Operation>1</Operation>
                    </Platform>
                    <Platform Name="iOSDevice32">
                        <Operation>1</Operation>
                    </Platform>
                </DeployClass>
                <DeployClass Name="ProjectOSXInfoPList">
                    <Platform Name="OSX32">
                        <RemoteDir>Contents</RemoteDir>
                        <Operation>1</Operation>
                    </Platform>
                </DeployClass>
                <DeployClass Name="ProjectiOSDeviceDebug">
                    <Platform Name="iOSDevice64">
                        <RemoteDir>..\$(PROJECTNAME).app.dSYM\Contents\Resources\DWARF</RemoteDir>
                        <Operation>1</Operation>
                    </Platform>
                    <Platform Name="iOSDevice32">
                        <RemoteDir>..\$(PROJECTNAME).app.dSYM\Contents\Resources\DWARF</RemoteDir>
                        <Operation>1</Operation>
                    </Platform>
                </DeployClass>
                <DeployClass Name="Android_SplashImage470">
                    <Platform Name="Android">
                        <RemoteDir>res\drawable-normal</RemoteDir>
                        <Operation>1</Operation>
                    </Platform>
                </DeployClass>
                <DeployClass Name="AndroidLibnativeX86File">
                    <Platform Name="Android">
                        <RemoteDir>library\lib\x86</RemoteDir>
                        <Operation>1</Operation>
                    </Platform>
                </DeployClass>
                <DeployClass Name="ProjectiOSResource">
                    <Platform Name="iOSDevice64">
                        <Operation>1</Operation>
                    </Platform>
                    <Platform Name="iOSSimulator">
                        <Operation>1</Operation>
                    </Platform>
                    <Platform Name="iOSDevice32">
                        <Operation>1</Operation>
                    </Platform>
                </DeployClass>
                <DeployClass Name="ProjectOSXEntitlements">
                    <Platform Name="OSX32">
                        <RemoteDir>../</RemoteDir>
                        <Operation>1</Operation>
                    </Platform>
                </DeployClass>
                <DeployClass Name="AndroidGDBServer">
                    <Platform Name="Android">
                        <RemoteDir>library\lib\armeabi-v7a</RemoteDir>
                        <Operation>1</Operation>
                    </Platform>
                </DeployClass>
                <DeployClass Name="iPhone_Launch640">
                    <Platform Name="iOSDevice64">
                        <Operation>1</Operation>
                    </Platform>
                    <Platform Name="iOSSimulator">
                        <Operation>1</Operation>
                    </Platform>
                    <Platform Name="iOSDevice32">
                        <Operation>1</Operation>
                    </Platform>
                </DeployClass>
                <DeployClass Name="Android_SplashImage960">
                    <Platform Name="Android">
                        <RemoteDir>res\drawable-xlarge</RemoteDir>
                        <Operation>1</Operation>
                    </Platform>
                </DeployClass>
                <DeployClass Name="Android_LauncherIcon96">
                    <Platform Name="Android">
                        <RemoteDir>res\drawable-xhdpi</RemoteDir>
                        <Operation>1</Operation>
                    </Platform>
                </DeployClass>
                <DeployClass Name="iPhone_Launch320">
                    <Platform Name="iOSDevice64">
                        <Operation>1</Operation>
                    </Platform>
                    <Platform Name="iOSSimulator">
                        <Operation>1</Operation>
                    </Platform>
                    <Platform Name="iOSDevice32">
                        <Operation>1</Operation>
                    </Platform>
                </DeployClass>
                <DeployClass Name="Android_LauncherIcon144">
                    <Platform Name="Android">
                        <RemoteDir>res\drawable-xxhdpi</RemoteDir>
                        <Operation>1</Operation>
                    </Platform>
                </DeployClass>
                <DeployClass Name="AndroidLibnativeMipsFile">
                    <Platform Name="Android">
                        <RemoteDir>library\lib\mips</RemoteDir>
                        <Operation>1</Operation>
                    </Platform>
                </DeployClass>
                <DeployClass Name="AndroidSplashImageDef">
                    <Platform Name="Android">
                        <RemoteDir>res\drawable</RemoteDir>
                        <Operation>1</Operation>
                    </Platform>
                </DeployClass>
                <DeployClass Name="DebugSymbols">
                    <Platform Name="OSX32">
                        <RemoteDir>Contents\MacOS</RemoteDir>
                        <Operation>1</Operation>
                    </Platform>
                    <Platform Name="iOSSimulator">
                        <Operation>1</Operation>
                    </Platform>
                    <Platform Name="Win32">
                        <Operation>0</Operation>
                    </Platform>
                </DeployClass>
                <DeployClass Name="DependencyFramework">
                    <Platform Name="OSX32">
                        <RemoteDir>Contents\MacOS</RemoteDir>
                        <Operation>1</Operation>
                        <Extensions>.framework</Extensions>
                    </Platform>
                    <Platform Name="Win32">
                        <Operation>0</Operation>
                    </Platform>
                </DeployClass>
                <DeployClass Name="Android_SplashImage426">
                    <Platform Name="Android">
                        <RemoteDir>res\drawable-small</RemoteDir>
                        <Operation>1</Operation>
                    </Platform>
                </DeployClass>
                <DeployClass Name="ProjectiOSEntitlements">
                    <Platform Name="iOSDevice64">
                        <RemoteDir>../</RemoteDir>
                        <Operation>1</Operation>
                    </Platform>
                    <Platform Name="iOSDevice32">
                        <RemoteDir>../</RemoteDir>
                        <Operation>1</Operation>
                    </Platform>
                </DeployClass>
                <DeployClass Name="AdditionalDebugSymbols">
                    <Platform Name="OSX32">
                        <RemoteDir>Contents\MacOS</RemoteDir>
                        <Operation>1</Operation>
                    </Platform>
                    <Platform Name="iOSSimulator">
                        <Operation>1</Operation>
                    </Platform>
                    <Platform Name="Win32">
                        <RemoteDir>Contents\MacOS</RemoteDir>
                        <Operation>0</Operation>
                    </Platform>
                </DeployClass>
                <DeployClass Name="AndroidClassesDexFile">
                    <Platform Name="Android">
                        <RemoteDir>classes</RemoteDir>
                        <Operation>1</Operation>
                    </Platform>
                </DeployClass>
                <DeployClass Name="ProjectiOSInfoPList">
                    <Platform Name="iOSDevice64">
                        <Operation>1</Operation>
                    </Platform>
                    <Platform Name="iOSSimulator">
                        <Operation>1</Operation>
                    </Platform>
                    <Platform Name="iOSDevice32">
                        <Operation>1</Operation>
                    </Platform>
                </DeployClass>
                <DeployClass Name="iPad_Launch1024">
                    <Platform Name="iOSDevice64">
                        <Operation>1</Operation>
                    </Platform>
                    <Platform Name="iOSSimulator">
                        <Operation>1</Operation>
                    </Platform>
                    <Platform Name="iOSDevice32">
                        <Operation>1</Operation>
                    </Platform>
                </DeployClass>
                <DeployClass Name="Android_DefaultAppIcon">
                    <Platform Name="Android">
                        <RemoteDir>res\drawable</RemoteDir>
                        <Operation>1</Operation>
                    </Platform>
                </DeployClass>
                <DeployClass Name="ProjectOSXResource">
                    <Platform Name="OSX32">
                        <RemoteDir>Contents\Resources</RemoteDir>
                        <Operation>1</Operation>
                    </Platform>
                </DeployClass>
                <DeployClass Name="ProjectiOSDeviceResourceRules">
                    <Platform Name="iOSDevice64">
                        <Operation>1</Operation>
                    </Platform>
                    <Platform Name="iOSDevice32">
                        <Operation>1</Operation>
                    </Platform>
                </DeployClass>
                <DeployClass Name="iPad_Launch768">
                    <Platform Name="iOSDevice64">
                        <Operation>1</Operation>
                    </Platform>
                    <Platform Name="iOSSimulator">
                        <Operation>1</Operation>
                    </Platform>
                    <Platform Name="iOSDevice32">
                        <Operation>1</Operation>
                    </Platform>
                </DeployClass>
                <DeployClass Required="true" Name="ProjectOutput">
                    <Platform Name="Android">
                        <RemoteDir>library\lib\armeabi-v7a</RemoteDir>
                        <Operation>1</Operation>
                    </Platform>
                    <Platform Name="iOSDevice64">
                        <Operation>1</Operation>
                    </Platform>
                    <Platform Name="Win32">
                        <Operation>0</Operation>
                    </Platform>
                    <Platform Name="OSX32">
                        <RemoteDir>Contents\MacOS</RemoteDir>
                        <Operation>1</Operation>
                    </Platform>
                    <Platform Name="iOSSimulator">
                        <Operation>1</Operation>
                    </Platform>
                    <Platform Name="iOSDevice32">
                        <Operation>1</Operation>
                    </Platform>
                </DeployClass>
                <DeployClass Name="AndroidLibnativeArmeabiFile">
                    <Platform Name="Android">
                        <RemoteDir>library\lib\armeabi</RemoteDir>
                        <Operation>1</Operation>
                    </Platform>
                </DeployClass>
                <DeployClass Name="Android_SplashImage640">
                    <Platform Name="Android">
                        <RemoteDir>res\drawable-large</RemoteDir>
                        <Operation>1</Operation>
                    </Platform>
                </DeployClass>
                <DeployClass Name="File">
                    <Platform Name="Android">
                        <Operation>0</Operation>
                    </Platform>
                    <Platform Name="iOSDevice64">
                        <Operation>0</Operation>
                    </Platform>
                    <Platform Name="Win32">
                        <Operation>0</Operation>
                    </Platform>
                    <Platform Name="OSX32">
                        <RemoteDir>Contents\MacOS</RemoteDir>
                        <Operation>0</Operation>
                    </Platform>
                    <Platform Name="iOSSimulator">
                        <Operation>0</Operation>
                    </Platform>
                    <Platform Name="iOSDevice32">
                        <Operation>0</Operation>
                    </Platform>
                </DeployClass>
                <DeployClass Name="iPhone_Launch640x1136">
                    <Platform Name="iOSDevice64">
                        <Operation>1</Operation>
                    </Platform>
                    <Platform Name="iOSSimulator">
                        <Operation>1</Operation>
                    </Platform>
                    <Platform Name="iOSDevice32">
                        <Operation>1</Operation>
                    </Platform>
                </DeployClass>
                <DeployClass Name="Android_LauncherIcon36">
                    <Platform Name="Android">
                        <RemoteDir>res\drawable-ldpi</RemoteDir>
                        <Operation>1</Operation>
                    </Platform>
                </DeployClass>
                <DeployClass Name="AndroidSplashStyles">
                    <Platform Name="Android">
                        <RemoteDir>res\values</RemoteDir>
                        <Operation>1</Operation>
                    </Platform>
                </DeployClass>
                <DeployClass Name="iPad_Launch1536">
                    <Platform Name="iOSDevice64">
                        <Operation>1</Operation>
                    </Platform>
                    <Platform Name="iOSSimulator">
                        <Operation>1</Operation>
                    </Platform>
                    <Platform Name="iOSDevice32">
                        <Operation>1</Operation>
                    </Platform>
                </DeployClass>
                <DeployClass Name="Android_LauncherIcon48">
                    <Platform Name="Android">
                        <RemoteDir>res\drawable-mdpi</RemoteDir>
                        <Operation>1</Operation>
                    </Platform>
                </DeployClass>
                <DeployClass Name="Android_LauncherIcon72">
                    <Platform Name="Android">
                        <RemoteDir>res\drawable-hdpi</RemoteDir>
                        <Operation>1</Operation>
                    </Platform>
                </DeployClass>
                <DeployClass Name="ProjectAndroidManifest">
                    <Platform Name="Android">
                        <Operation>1</Operation>
                    </Platform>
                </DeployClass>
                <ProjectRoot Platform="Win64" Name="$(PROJECTNAME)"/>
                <ProjectRoot Platform="Android" Name="$(PROJECTNAME)"/>
                <ProjectRoot Platform="Win32" Name="$(PROJECTNAME)"/>
                <ProjectRoot Platform="iOSDevice64" Name="$(PROJECTNAME).app"/>
                <ProjectRoot Platform="OSX32" Name="$(PROJECTNAME).app"/>
                <ProjectRoot Platform="iOSSimulator" Name="$(PROJECTNAME).app"/>
                <ProjectRoot Platform="iOSDevice32" Name="$(PROJECTNAME).app"/>
            </Deployment>
            <Platforms>
                <Platform value="Android">False</Platform>
                <Platform value="iOSDevice32">False</Platform>
                <Platform value="iOSDevice64">False</Platform>
                <Platform value="iOSSimulator">False</Platform>
                <Platform value="OSX32">False</Platform>
                <Platform value="Win32">True</Platform>
                <Platform value="Win64">False</Platform>
            </Platforms>
        </BorlandProject>
        <ProjectFileVersion>12</ProjectFileVersion>
    </ProjectExtensions>
    <Import Project="$(BDS)\Bin\CodeGear.Delphi.Targets" Condition="Exists('$(BDS)\Bin\CodeGear.Delphi.Targets')"/>
    <Import Project="$(APPDATA)\Embarcadero\$(BDSAPPDATABASEDIR)\$(PRODUCTVERSION)\UserTools.proj" Condition="Exists('$(APPDATA)\Embarcadero\$(BDSAPPDATABASEDIR)\$(PRODUCTVERSION)\UserTools.proj')"/>
    <Import Project="$(MSBuildProjectName).deployproj" Condition="Exists('$(MSBuildProjectName).deployproj')"/>
</Project>
